
Microsoft Visual Studio Solution File, Format Version 12.00
# Visual Studio Version 16
VisualStudioVersion = 16.0.29403.142
MinimumVisualStudioVersion = 10.0.40219.1
Project("{FAE04EC0-301F-11D3-BF4B-00C04F79EFBC}") = "fakedata", "fakedata.csproj", "{76E3DDBC-408E-43B1-9151-1379E5B4E7C2}"
EndProject
Global
	GlobalSection(SolutionConfigurationPlatforms) = preSolution
		Debug|Any CPU = Debug|Any CPU
		Release|Any CPU = Release|Any CPU
	EndGlobalSection
	GlobalSection(ProjectConfigurationPlatforms) = postSolution
		{76E3DDBC-408E-43B1-9151-1379E5B4E7C2}.Debug|Any CPU.ActiveCfg = Debug|Any CPU
		{76E3DDBC-408E-43B1-9151-1379E5B4E7C2}.Debug|Any CPU.Build.0 = Debug|Any CPU
		{76E3DDBC-408E-43B1-9151-1379E5B4E7C2}.Release|Any CPU.ActiveCfg = Release|Any CPU
		{76E3DDBC-408E-43B1-9151-1379E5B4E7C2}.Release|Any CPU.Build.0 = Release|Any CPU
	EndGlobalSection
	GlobalSection(SolutionProperties) = preSolution
		HideSolutionNode = FALSE
	EndGlobalSection
	GlobalSection(ExtensibilityGlobals) = postSolution
		SolutionGuid = {A05BD4AD-B8FD-4D63-A0C8-F785DE0166E9}
	EndGlobalSection
EndGlobal
