
Microsoft Visual Studio Solution File, Format Version 12.00
# Visual Studio Version 16
VisualStudioVersion = 16.0.29403.142
MinimumVisualStudioVersion = 10.0.40219.1
Project("{FAE04EC0-301F-11D3-BF4B-00C04F79EFBC}") = "functions", "functions.csproj", "{A1AA96CA-71E2-4828-920D-2470BDB2C46C}"
EndProject
Global
	GlobalSection(SolutionConfigurationPlatforms) = preSolution
		Debug|Any CPU = Debug|Any CPU
		Release|Any CPU = Release|Any CPU
	EndGlobalSection
	GlobalSection(ProjectConfigurationPlatforms) = postSolution
		{A1AA96CA-71E2-4828-920D-2470BDB2C46C}.Debug|Any CPU.ActiveCfg = Debug|Any CPU
		{A1AA96CA-71E2-4828-920D-2470BDB2C46C}.Debug|Any CPU.Build.0 = Debug|Any CPU
		{A1AA96CA-71E2-4828-920D-2470BDB2C46C}.Release|Any CPU.ActiveCfg = Release|Any CPU
		{A1AA96CA-71E2-4828-920D-2470BDB2C46C}.Release|Any CPU.Build.0 = Release|Any CPU
	EndGlobalSection
	GlobalSection(SolutionProperties) = preSolution
		HideSolutionNode = FALSE
	EndGlobalSection
	GlobalSection(ExtensibilityGlobals) = postSolution
		SolutionGuid = {FB852CB1-B870-499F-A2E1-07812F7E3041}
	EndGlobalSection
EndGlobal
